{
  "version": "4",
  "specifiers": {
    "jsr:@deno/kv-oauth@0.11": "0.11.0",
    "jsr:@hono/hono@^4.6.11": "4.6.11",
    "jsr:@std/assert@0.221": "0.221.0",
    "jsr:@std/assert@1": "1.0.7",
    "jsr:@std/assert@^1.0.7": "1.0.7",
    "jsr:@std/async@0.221": "0.221.0",
    "jsr:@std/cli@0.221": "0.221.0",
    "jsr:@std/datetime@0.221": "0.221.0",
    "jsr:@std/dotenv@~0.225.2": "0.225.2",
    "jsr:@std/encoding@0.221": "0.221.0",
    "jsr:@std/expect@*": "1.0.7",
    "jsr:@std/fmt@0.221": "0.221.0",
    "jsr:@std/http@0.221": "0.221.0",
    "jsr:@std/internal@^1.0.5": "1.0.5",
    "jsr:@std/media-types@0.221": "0.221.0",
    "jsr:@std/path@0.221": "0.221.0",
    "jsr:@std/streams@0.221": "0.221.0",
    "jsr:@std/testing@*": "1.0.4",
    "npm:@types/node@*": "22.5.4"
  },
  "jsr": {
    "@deno/kv-oauth@0.11.0": {
      "integrity": "17a8822fde1573563b8bdb526d925e398a4b92394381273bad1e837fb4a6c8b2",
      "dependencies": [
        "jsr:@std/datetime",
        "jsr:@std/http"
      ]
    },
    "@hono/hono@4.6.11": {
      "integrity": "07399d911f09e94b7dc1e0e0a0577d35fe66578af20163d513958364c4e9e702"
    },
    "@std/assert@0.221.0": {
      "integrity": "a5f1aa6e7909dbea271754fd4ab3f4e687aeff4873b4cef9a320af813adb489a"
    },
    "@std/assert@1.0.6": {
      "integrity": "1904c05806a25d94fe791d6d883b685c9e2dcd60e4f9fc30f4fc5cf010c72207"
    },
    "@std/assert@1.0.7": {
      "integrity": "64ce9fac879e0b9f3042a89b3c3f8ccfc9c984391af19e2087513a79d73e28c3",
      "dependencies": [
        "jsr:@std/internal"
      ]
    },
    "@std/async@0.221.0": {
      "integrity": "f5519861754a1bb2898d227dd8ccb545abc975534aa9063e53911d6cb4e365cf"
    },
    "@std/cli@0.221.0": {
      "integrity": "157c2f881f0f85a73d994e7668754aeeccdf597680bd9c65de9c6bcd670416ac",
      "dependencies": [
        "jsr:@std/assert@0.221"
      ]
    },
    "@std/datetime@0.221.0": {
      "integrity": "41188de53bd811a0f04955b1cec0ce65f9b8fec293529818c829a55dfcce5031"
    },
    "@std/dotenv@0.225.2": {
      "integrity": "e2025dce4de6c7bca21dece8baddd4262b09d5187217e231b033e088e0c4dd23"
    },
    "@std/encoding@0.221.0": {
      "integrity": "d1dd76ef0dc5d14088411e6dc1dede53bf8308c95d1537df1214c97137208e45"
    },
    "@std/expect@1.0.7": {
      "integrity": "3904afa77cfe5c45dd2cd2c476e6fc5b6f57103d712890f0783d74c19d4b05a9",
      "dependencies": [
        "jsr:@std/assert@^1.0.7",
        "jsr:@std/internal"
      ]
    },
    "@std/fmt@0.221.0": {
      "integrity": "379fed69bdd9731110f26b9085aeb740606b20428ce6af31ef6bd45ef8efa62a"
    },
    "@std/http@0.221.0": {
      "integrity": "35fdcfed1501f2052338bf7ffba5d66f1455f2fffc01e9d7cf13eed548fffbaa",
      "dependencies": [
        "jsr:@std/assert@0.221",
        "jsr:@std/async",
        "jsr:@std/cli",
        "jsr:@std/encoding",
        "jsr:@std/fmt",
        "jsr:@std/media-types",
        "jsr:@std/path",
        "jsr:@std/streams"
      ]
    },
    "@std/internal@1.0.5": {
      "integrity": "54a546004f769c1ac9e025abd15a76b6671ddc9687e2313b67376125650dc7ba"
    },
    "@std/media-types@0.221.0": {
      "integrity": "572addcbda2a21367c1f8eaa8c72fea6654b50779027dbde9f693aaa4bac30c3"
    },
    "@std/path@0.221.0": {
      "integrity": "0a36f6b17314ef653a3a1649740cc8db51b25a133ecfe838f20b79a56ebe0095",
      "dependencies": [
        "jsr:@std/assert@0.221"
      ]
    },
    "@std/streams@0.221.0": {
      "integrity": "47f2f74634b47449277c0ee79fe878da4424b66bd8975c032e3afdca88986e61",
      "dependencies": [
        "jsr:@std/assert@0.221"
      ]
    },
    "@std/testing@1.0.4": {
      "integrity": "ca1368d720b183f572d40c469bb9faf09643ddd77b54f8b44d36ae6b94940576",
      "dependencies": [
        "jsr:@std/assert@^1.0.7",
        "jsr:@std/internal"
      ]
    }
  },
  "npm": {
    "@types/node@22.5.4": {
      "integrity": "sha512-FDuKUJQm/ju9fT/SeX/6+gBzoPzlVCzfzmGkwKvRHQVxi4BntVbyIwf6a4Xn62mrvndLiml6z/UBXIdEVjQLXg==",
      "dependencies": [
        "undici-types"
      ]
    },
    "undici-types@6.19.8": {
      "integrity": "sha512-ve2KP6f/JnbPBFyobGHuerC9g1FYGn/F8n1LWTwNxCEzd6IfqTwUQcNXgEtmmQ6DlRrC1hrSrBnCZPokRrDHjw=="
    }
  },
  "workspace": {
    "dependencies": [
      "jsr:@deno/kv-oauth@0.11",
      "jsr:@hono/hono@^4.6.11",
      "jsr:@std/assert@^1.0.7",
      "jsr:@std/dotenv@~0.225.2"
    ]
  }
}
